// !$*UTF8*$!
{
	archiveVersion = 1;
	classes = {
	};
	objectVersion = 50;
	objects = {

/* Begin PBXBuildFile section */
		692E40942140D13900F916F2 /* AppDelegate.swift in Sources */ = {isa = PBXBuildFile; fileRef = 692E40932140D13900F916F2 /* AppDelegate.swift */; };
		692E40962140D13900F916F2 /* ViewController.swift in Sources */ = {isa = PBXBuildFile; fileRef = 692E40952140D13900F916F2 /* ViewController.swift */; };
		692E40992140D13900F916F2 /* Main.storyboard in Resources */ = {isa = PBXBuildFile; fileRef = 692E40972140D13900F916F2 /* Main.storyboard */; };
		692E409B2140D13B00F916F2 /* Assets.xcassets in Resources */ = {isa = PBXBuildFile; fileRef = 692E409A2140D13B00F916F2 /* Assets.xcassets */; };
		692E409E2140D13B00F916F2 /* LaunchScreen.storyboard in Resources */ = {isa = PBXBuildFile; fileRef = 692E409C2140D13B00F916F2 /* LaunchScreen.storyboard */; };
		692E40A92140D13B00F916F2 /* SwiftBaseLibProjectTests.swift in Sources */ = {isa = PBXBuildFile; fileRef = 692E40A82140D13B00F916F2 /* SwiftBaseLibProjectTests.swift */; };
		692E40B42140D13B00F916F2 /* SwiftBaseLibProjectUITests.swift in Sources */ = {isa = PBXBuildFile; fileRef = 692E40B32140D13B00F916F2 /* SwiftBaseLibProjectUITests.swift */; };
/* End PBXBuildFile section */

/* Begin PBXContainerItemProxy section */
		692E40A52140D13B00F916F2 /* PBXContainerItemProxy */ = {
			isa = PBXContainerItemProxy;
			containerPortal = 692E40882140D13900F916F2 /* Project object */;
			proxyType = 1;
			remoteGlobalIDString = 692E408F2140D13900F916F2;
			remoteInfo = SwiftBaseLibProject;
		};
		692E40B02140D13B00F916F2 /* PBXContainerItemProxy */ = {
			isa = PBXContainerItemProxy;
			containerPortal = 692E40882140D13900F916F2 /* Project object */;
			proxyType = 1;
			remoteGlobalIDString = 692E408F2140D13900F916F2;
			remoteInfo = SwiftBaseLibProject;
		};
/* End PBXContainerItemProxy section */

/* Begin PBXFileReference section */
		692E40902140D13900F916F2 /* SwiftBaseLibProject.app */ = {isa = PBXFileReference; explicitFileType = wrapper.application; includeInIndex = 0; path = SwiftBaseLibProject.app; sourceTree = BUILT_PRODUCTS_DIR; };
		692E40932140D13900F916F2 /* AppDelegate.swift */ = {isa = PBXFileReference; lastKnownFileType = sourcecode.swift; path = AppDelegate.swift; sourceTree = "<group>"; };
		692E40952140D13900F916F2 /* ViewController.swift */ = {isa = PBXFileReference; lastKnownFileType = sourcecode.swift; path = ViewController.swift; sourceTree = "<group>"; };
		692E40982140D13900F916F2 /* Base */ = {isa = PBXFileReference; lastKnownFileType = file.storyboard; name = Base; path = Base.lproj/Main.storyboard; sourceTree = "<group>"; };
		692E409A2140D13B00F916F2 /* Assets.xcassets */ = {isa = PBXFileReference; lastKnownFileType = folder.assetcatalog; path = Assets.xcassets; sourceTree = "<group>"; };
		692E409D2140D13B00F916F2 /* Base */ = {isa = PBXFileReference; lastKnownFileType = file.storyboard; name = Base; path = Base.lproj/LaunchScreen.storyboard; sourceTree = "<group>"; };
		692E409F2140D13B00F916F2 /* Info.plist */ = {isa = PBXFileReference; lastKnownFileType = text.plist.xml; path = Info.plist; sourceTree = "<group>"; };
		692E40A42140D13B00F916F2 /* SwiftBaseLibProjectTests.xctest */ = {isa = PBXFileReference; explicitFileType = wrapper.cfbundle; includeInIndex = 0; path = SwiftBaseLibProjectTests.xctest; sourceTree = BUILT_PRODUCTS_DIR; };
		692E40A82140D13B00F916F2 /* SwiftBaseLibProjectTests.swift */ = {isa = PBXFileReference; lastKnownFileType = sourcecode.swift; path = SwiftBaseLibProjectTests.swift; sourceTree = "<group>"; };
		692E40AA2140D13B00F916F2 /* Info.plist */ = {isa = PBXFileReference; lastKnownFileType = text.plist.xml; path = Info.plist; sourceTree = "<group>"; };
		692E40AF2140D13B00F916F2 /* SwiftBaseLibProjectUITests.xctest */ = {isa = PBXFileReference; explicitFileType = wrapper.cfbundle; includeInIndex = 0; path = SwiftBaseLibProjectUITests.xctest; sourceTree = BUILT_PRODUCTS_DIR; };
		692E40B32140D13B00F916F2 /* SwiftBaseLibProjectUITests.swift */ = {isa = PBXFileReference; lastKnownFileType = sourcecode.swift; path = SwiftBaseLibProjectUITests.swift; sourceTree = "<group>"; };
		692E40B52140D13B00F916F2 /* Info.plist */ = {isa = PBXFileReference; lastKnownFileType = text.plist.xml; path = Info.plist; sourceTree = "<group>"; };
/* End PBXFileReference section */

/* Begin PBXFrameworksBuildPhase section */
		692E408D2140D13900F916F2 /* Frameworks */ = {
			isa = PBXFrameworksBuildPhase;
			buildActionMask = 2147483647;
			files = (
			);
			runOnlyForDeploymentPostprocessing = 0;
		};
		692E40A12140D13B00F916F2 /* Frameworks */ = {
			isa = PBXFrameworksBuildPhase;
			buildActionMask = 2147483647;
			files = (
			);
			runOnlyForDeploymentPostprocessing = 0;
		};
		692E40AC2140D13B00F916F2 /* Frameworks */ = {
			isa = PBXFrameworksBuildPhase;
			buildActionMask = 2147483647;
			files = (
			);
			runOnlyForDeploymentPostprocessing = 0;
		};
/* End PBXFrameworksBuildPhase section */

/* Begin PBXGroup section */
		692E40872140D13900F916F2 = {
			isa = PBXGroup;
			children = (
				692E40922140D13900F916F2 /* SwiftBaseLibProject */,
				692E40A72140D13B00F916F2 /* SwiftBaseLibProjectTests */,
				692E40B22140D13B00F916F2 /* SwiftBaseLibProjectUITests */,
				692E40912140D13900F916F2 /* Products */,
			);
			sourceTree = "<group>";
		};
		692E40912140D13900F916F2 /* Products */ = {
			isa = PBXGroup;
			children = (
				692E40902140D13900F916F2 /* SwiftBaseLibProject.app */,
				692E40A42140D13B00F916F2 /* SwiftBaseLibProjectTests.xctest */,
				692E40AF2140D13B00F916F2 /* SwiftBaseLibProjectUITests.xctest */,
			);
			name = Products;
			sourceTree = "<group>";
		};
		692E40922140D13900F916F2 /* SwiftBaseLibProject */ = {
			isa = PBXGroup;
			children = (
				692E40932140D13900F916F2 /* AppDelegate.swift */,
				692E40952140D13900F916F2 /* ViewController.swift */,
				692E40972140D13900F916F2 /* Main.storyboard */,
				692E409A2140D13B00F916F2 /* Assets.xcassets */,
				692E409C2140D13B00F916F2 /* LaunchScreen.storyboard */,
				692E409F2140D13B00F916F2 /* Info.plist */,
			);
			path = SwiftBaseLibProject;
			sourceTree = "<group>";
		};
		692E40A72140D13B00F916F2 /* SwiftBaseLibProjectTests */ = {
			isa = PBXGroup;
			children = (
				692E40A82140D13B00F916F2 /* SwiftBaseLibProjectTests.swift */,
				692E40AA2140D13B00F916F2 /* Info.plist */,
			);
			path = SwiftBaseLibProjectTests;
			sourceTree = "<group>";
		};
		692E40B22140D13B00F916F2 /* SwiftBaseLibProjectUITests */ = {
			isa = PBXGroup;
			children = (
				692E40B32140D13B00F916F2 /* SwiftBaseLibProjectUITests.swift */,
				692E40B52140D13B00F916F2 /* Info.plist */,
			);
			path = SwiftBaseLibProjectUITests;
			sourceTree = "<group>";
		};
/* End PBXGroup section */

/* Begin PBXNativeTarget section */
		692E408F2140D13900F916F2 /* SwiftBaseLibProject */ = {
			isa = PBXNativeTarget;
			buildConfigurationList = 692E40B82140D13B00F916F2 /* Build configuration list for PBXNativeTarget "SwiftBaseLibProject" */;
			buildPhases = (
				692E408C2140D13900F916F2 /* Sources */,
				692E408D2140D13900F916F2 /* Frameworks */,
				692E408E2140D13900F916F2 /* Resources */,
			);
			buildRules = (
			);
			dependencies = (
			);
			name = SwiftBaseLibProject;
			productName = SwiftBaseLibProject;
			productReference = 692E40902140D13900F916F2 /* SwiftBaseLibProject.app */;
			productType = "com.apple.product-type.application";
		};
		692E40A32140D13B00F916F2 /* SwiftBaseLibProjectTests */ = {
			isa = PBXNativeTarget;
			buildConfigurationList = 692E40BB2140D13B00F916F2 /* Build configuration list for PBXNativeTarget "SwiftBaseLibProjectTests" */;
			buildPhases = (
				692E40A02140D13B00F916F2 /* Sources */,
				692E40A12140D13B00F916F2 /* Frameworks */,
				692E40A22140D13B00F916F2 /* Resources */,
			);
			buildRules = (
			);
			dependencies = (
				692E40A62140D13B00F916F2 /* PBXTargetDependency */,
			);
			name = SwiftBaseLibProjectTests;
			productName = SwiftBaseLibProjectTests;
			productReference = 692E40A42140D13B00F916F2 /* SwiftBaseLibProjectTests.xctest */;
			productType = "com.apple.product-type.bundle.unit-test";
		};
		692E40AE2140D13B00F916F2 /* SwiftBaseLibProjectUITests */ = {
			isa = PBXNativeTarget;
			buildConfigurationList = 692E40BE2140D13B00F916F2 /* Build configuration list for PBXNativeTarget "SwiftBaseLibProjectUITests" */;
			buildPhases = (
				692E40AB2140D13B00F916F2 /* Sources */,
				692E40AC2140D13B00F916F2 /* Frameworks */,
				692E40AD2140D13B00F916F2 /* Resources */,
			);
			buildRules = (
			);
			dependencies = (
				692E40B12140D13B00F916F2 /* PBXTargetDependency */,
			);
			name = SwiftBaseLibProjectUITests;
			productName = SwiftBaseLibProjectUITests;
			productReference = 692E40AF2140D13B00F916F2 /* SwiftBaseLibProjectUITests.xctest */;
			productType = "com.apple.product-type.bundle.ui-testing";
		};
/* End PBXNativeTarget section */

/* Begin PBXProject section */
		692E40882140D13900F916F2 /* Project object */ = {
			isa = PBXProject;
			attributes = {
				LastSwiftUpdateCheck = 0940;
				LastUpgradeCheck = 0940;
				ORGANIZATIONNAME = "liujing xu";
				TargetAttributes = {
					692E408F2140D13900F916F2 = {
						CreatedOnToolsVersion = 9.4.1;
					};
					692E40A32140D13B00F916F2 = {
						CreatedOnToolsVersion = 9.4.1;
						TestTargetID = 692E408F2140D13900F916F2;
					};
					692E40AE2140D13B00F916F2 = {
						CreatedOnToolsVersion = 9.4.1;
						TestTargetID = 692E408F2140D13900F916F2;
					};
				};
			};
			buildConfigurationList = 692E408B2140D13900F916F2 /* Build configuration list for PBXProject "SwiftBaseLibProject" */;
			compatibilityVersion = "Xcode 9.3";
			developmentRegion = en;
			hasScannedForEncodings = 0;
			knownRegions = (
				en,
				Base,
			);
			mainGroup = 692E40872140D13900F916F2;
			productRefGroup = 692E40912140D13900F916F2 /* Products */;
			projectDirPath = "";
			projectRoot = "";
			targets = (
				692E408F2140D13900F916F2 /* SwiftBaseLibProject */,
				692E40A32140D13B00F916F2 /* SwiftBaseLibProjectTests */,
				692E40AE2140D13B00F916F2 /* SwiftBaseLibProjectUITests */,
			);
		};
/* End PBXProject section */

/* Begin PBXResourcesBuildPhase section */
		692E408E2140D13900F916F2 /* Resources */ = {
			isa = PBXResourcesBuildPhase;
			buildActionMask = 2147483647;
			files = (
				692E409E2140D13B00F916F2 /* LaunchScreen.storyboard in Resources */,
				692E409B2140D13B00F916F2 /* Assets.xcassets in Resources */,
				692E40992140D13900F916F2 /* Main.storyboard in Resources */,
			);
			runOnlyForDeploymentPostprocessing = 0;
		};
		692E40A22140D13B00F916F2 /* Resources */ = {
			isa = PBXResourcesBuildPhase;
			buildActionMask = 2147483647;
			files = (
			);
			runOnlyForDeploymentPostprocessing = 0;
		};
		692E40AD2140D13B00F916F2 /* Resources */ = {
			isa = PBXResourcesBuildPhase;
			buildActionMask = 2147483647;
			files = (
			);
			runOnlyForDeploymentPostprocessing = 0;
		};
/* End PBXResourcesBuildPhase section */

/* Begin PBXSourcesBuildPhase section */
		692E408C2140D13900F916F2 /* Sources */ = {
			isa = PBXSourcesBuildPhase;
			buildActionMask = 2147483647;
			files = (
				692E40962140D13900F916F2 /* ViewController.swift in Sources */,
				692E40942140D13900F916F2 /* AppDelegate.swift in Sources */,
			);
			runOnlyForDeploymentPostprocessing = 0;
		};
		692E40A02140D13B00F916F2 /* Sources */ = {
			isa = PBXSourcesBuildPhase;
			buildActionMask = 2147483647;
			files = (
				692E40A92140D13B00F916F2 /* SwiftBaseLibProjectTests.swift in Sources */,
			);
			runOnlyForDeploymentPostprocessing = 0;
		};
		692E40AB2140D13B00F916F2 /* Sources */ = {
			isa = PBXSourcesBuildPhase;
			buildActionMask = 2147483647;
			files = (
				692E40B42140D13B00F916F2 /* SwiftBaseLibProjectUITests.swift in Sources */,
			);
			runOnlyForDeploymentPostprocessing = 0;
		};
/* End PBXSourcesBuildPhase section */

/* Begin PBXTargetDependency section */
		692E40A62140D13B00F916F2 /* PBXTargetDependency */ = {
			isa = PBXTargetDependency;
			target = 692E408F2140D13900F916F2 /* SwiftBaseLibProject */;
			targetProxy = 692E40A52140D13B00F916F2 /* PBXContainerItemProxy */;
		};
		692E40B12140D13B00F916F2 /* PBXTargetDependency */ = {
			isa = PBXTargetDependency;
			target = 692E408F2140D13900F916F2 /* SwiftBaseLibProject */;
			targetProxy = 692E40B02140D13B00F916F2 /* PBXContainerItemProxy */;
		};
/* End PBXTargetDependency section */

/* Begin PBXVariantGroup section */
		692E40972140D13900F916F2 /* Main.storyboard */ = {
			isa = PBXVariantGroup;
			children = (
				692E40982140D13900F916F2 /* Base */,
			);
			name = Main.storyboard;
			sourceTree = "<group>";
		};
		692E409C2140D13B00F916F2 /* LaunchScreen.storyboard */ = {
			isa = PBXVariantGroup;
			children = (
				692E409D2140D13B00F916F2 /* Base */,
			);
			name = LaunchScreen.storyboard;
			sourceTree = "<group>";
		};
/* End PBXVariantGroup section */

/* Begin XCBuildConfiguration section */
		692E40B62140D13B00F916F2 /* Debug */ = {
			isa = XCBuildConfiguration;
			buildSettings = {
				ALWAYS_SEARCH_USER_PATHS = NO;
				CLANG_ANALYZER_NONNULL = YES;
				CLANG_ANALYZER_NUMBER_OBJECT_CONVERSION = YES_AGGRESSIVE;
				CLANG_CXX_LANGUAGE_STANDARD = "gnu++14";
				CLANG_CXX_LIBRARY = "libc++";
				CLANG_ENABLE_MODULES = YES;
				CLANG_ENABLE_OBJC_ARC = YES;
				CLANG_ENABLE_OBJC_WEAK = YES;
				CLANG_WARN_BLOCK_CAPTURE_AUTORELEASING = YES;
				CLANG_WARN_BOOL_CONVERSION = YES;
				CLANG_WARN_COMMA = YES;
				CLANG_WARN_CONSTANT_CONVERSION = YES;
				CLANG_WARN_DEPRECATED_OBJC_IMPLEMENTATIONS = YES;
				CLANG_WARN_DIRECT_OBJC_ISA_USAGE = YES_ERROR;
				CLANG_WARN_DOCUMENTATION_COMMENTS = YES;
				CLANG_WARN_EMPTY_BODY = YES;
				CLANG_WARN_ENUM_CONVERSION = YES;
				CLANG_WARN_INFINITE_RECURSION = YES;
				CLANG_WARN_INT_CONVERSION = YES;
				CLANG_WARN_NON_LITERAL_NULL_CONVERSION = YES;
				CLANG_WARN_OBJC_IMPLICIT_RETAIN_SELF = YES;
				CLANG_WARN_OBJC_LITERAL_CONVERSION = YES;
				CLANG_WARN_OBJC_ROOT_CLASS = YES_ERROR;
				CLANG_WARN_RANGE_LOOP_ANALYSIS = YES;
				CLANG_WARN_STRICT_PROTOTYPES = YES;
				CLANG_WARN_SUSPICIOUS_MOVE = YES;
				CLANG_WARN_UNGUARDED_AVAILABILITY = YES_AGGRESSIVE;
				CLANG_WARN_UNREACHABLE_CODE = YES;
				CLANG_WARN__DUPLICATE_METHOD_MATCH = YES;
				CODE_SIGN_IDENTITY = "iPhone Developer";
				COPY_PHASE_STRIP = NO;
				DEBUG_INFORMATION_FORMAT = dwarf;
				ENABLE_STRICT_OBJC_MSGSEND = YES;
				ENABLE_TESTABILITY = YES;
				GCC_C_LANGUAGE_STANDARD = gnu11;
				GCC_DYNAMIC_NO_PIC = NO;
				GCC_NO_COMMON_BLOCKS = YES;
				GCC_OPTIMIZATION_LEVEL = 0;
				GCC_PREPROCESSOR_DEFINITIONS = (
					"DEBUG=1",
					"$(inherited)",
				);
				GCC_WARN_64_TO_32_BIT_CONVERSION = YES;
				GCC_WARN_ABOUT_RETURN_TYPE = YES_ERROR;
				GCC_WARN_UNDECLARED_SELECTOR = YES;
				GCC_WARN_UNINITIALIZED_AUTOS = YES_AGGRESSIVE;
				GCC_WARN_UNUSED_FUNCTION = YES;
				GCC_WARN_UNUSED_VARIABLE = YES;
				IPHONEOS_DEPLOYMENT_TARGET = 11.4;
				MTL_ENABLE_DEBUG_INFO = YES;
				ONLY_ACTIVE_ARCH = YES;
				SDKROOT = iphoneos;
				SWIFT_ACTIVE_COMPILATION_CONDITIONS = DEBUG;
				SWIFT_OPTIMIZATION_LEVEL = "-Onone";
			};
			name = Debug;
		};
		692E40B72140D13B00F916F2 /* Release */ = {
			isa = XCBuildConfiguration;
			buildSettings = {
				ALWAYS_SEARCH_USER_PATHS = NO;
				CLANG_ANALYZER_NONNULL = YES;
				CLANG_ANALYZER_NUMBER_OBJECT_CONVERSION = YES_AGGRESSIVE;
				CLANG_CXX_LANGUAGE_STANDARD = "gnu++14";
				CLANG_CXX_LIBRARY = "libc++";
				CLANG_ENABLE_MODULES = YES;
				CLANG_ENABLE_OBJC_ARC = YES;
				CLANG_ENABLE_OBJC_WEAK = YES;
				CLANG_WARN_BLOCK_CAPTURE_AUTORELEASING = YES;
				CLANG_WARN_BOOL_CONVERSION = YES;
				CLANG_WARN_COMMA = YES;
				CLANG_WARN_CONSTANT_CONVERSION = YES;
				CLANG_WARN_DEPRECATED_OBJC_IMPLEMENTATIONS = YES;
				CLANG_WARN_DIRECT_OBJC_ISA_USAGE = YES_ERROR;
				CLANG_WARN_DOCUMENTATION_COMMENTS = YES;
				CLANG_WARN_EMPTY_BODY = YES;
				CLANG_WARN_ENUM_CONVERSION = YES;
				CLANG_WARN_INFINITE_RECURSION = YES;
				CLANG_WARN_INT_CONVERSION = YES;
				CLANG_WARN_NON_LITERAL_NULL_CONVERSION = YES;
				CLANG_WARN_OBJC_IMPLICIT_RETAIN_SELF = YES;
				CLANG_WARN_OBJC_LITERAL_CONVERSION = YES;
				CLANG_WARN_OBJC_ROOT_CLASS = YES_ERROR;
				CLANG_WARN_RANGE_LOOP_ANALYSIS = YES;
				CLANG_WARN_STRICT_PROTOTYPES = YES;
				CLANG_WARN_SUSPICIOUS_MOVE = YES;
				CLANG_WARN_UNGUARDED_AVAILABILITY = YES_AGGRESSIVE;
				CLANG_WARN_UNREACHABLE_CODE = YES;
				CLANG_WARN__DUPLICATE_METHOD_MATCH = YES;
				CODE_SIGN_IDENTITY = "iPhone Developer";
				COPY_PHASE_STRIP = NO;
				DEBUG_INFORMATION_FORMAT = "dwarf-with-dsym";
				ENABLE_NS_ASSERTIONS = NO;
				ENABLE_STRICT_OBJC_MSGSEND = YES;
				GCC_C_LANGUAGE_STANDARD = gnu11;
				GCC_NO_COMMON_BLOCKS = YES;
				GCC_WARN_64_TO_32_BIT_CONVERSION = YES;
				GCC_WARN_ABOUT_RETURN_TYPE = YES_ERROR;
				GCC_WARN_UNDECLARED_SELECTOR = YES;
				GCC_WARN_UNINITIALIZED_AUTOS = YES_AGGRESSIVE;
				GCC_WARN_UNUSED_FUNCTION = YES;
				GCC_WARN_UNUSED_VARIABLE = YES;
				IPHONEOS_DEPLOYMENT_TARGET = 11.4;
				MTL_ENABLE_DEBUG_INFO = NO;
				SDKROOT = iphoneos;
				SWIFT_COMPILATION_MODE = wholemodule;
				SWIFT_OPTIMIZATION_LEVEL = "-O";
				VALIDATE_PRODUCT = YES;
			};
			name = Release;
		};
		692E40B92140D13B00F916F2 /* Debug */ = {
			isa = XCBuildConfiguration;
			buildSettings = {
				ASSETCATALOG_COMPILER_APPICON_NAME = AppIcon;
				CODE_SIGN_STYLE = Manual;
				DEVELOPMENT_TEAM = WW7R5V23Z7;
				INFOPLIST_FILE = SwiftBaseLibProject/Info.plist;
				IPHONEOS_DEPLOYMENT_TARGET = 10.0;
				LD_RUNPATH_SEARCH_PATHS = (
					"$(inherited)",
					"@executable_path/Frameworks",
				);
				PRODUCT_BUNDLE_IDENTIFIER = com.SwiftBaseLibProject;
				PRODUCT_NAME = "$(TARGET_NAME)";
				PROVISIONING_PROFILE = "14be1549-36a7-4569-8472-774aa3d191c2";
				PROVISIONING_PROFILE_SPECIFIER = SwiftBaseLibProjecProject;
				SWIFT_VERSION = 4.0;
				TARGETED_DEVICE_FAMILY = "1,2";
			};
			name = Debug;
		};
		692E40BA2140D13B00F916F2 /* Release */ = {
			isa = XCBuildConfiguration;
			buildSettings = {
				ASSETCATALOG_COMPILER_APPICON_NAME = AppIcon;
				CODE_SIGN_STYLE = Manual;
				DEVELOPMENT_TEAM = "";
				INFOPLIST_FILE = SwiftBaseLibProject/Info.plist;
				IPHONEOS_DEPLOYMENT_TARGET = 10.0;
				LD_RUNPATH_SEARCH_PATHS = (
					"$(inherited)",
					"@executable_path/Frameworks",
				);
				PRODUCT_BUNDLE_IDENTIFIER = com.SwiftBaseLibProject;
				PRODUCT_NAME = "$(TARGET_NAME)";
				PROVISIONING_PROFILE_SPECIFIER = "";
				SWIFT_VERSION = 4.0;
				TARGETED_DEVICE_FAMILY = "1,2";
			};
			name = Release;
		};
		692E40BC2140D13B00F916F2 /* Debug */ = {
			isa = XCBuildConfiguration;
			buildSettings = {
				ALWAYS_EMBED_SWIFT_STANDARD_LIBRARIES = YES;
				BUNDLE_LOADER = "$(TEST_HOST)";
				CODE_SIGN_STYLE = Automatic;
				INFOPLIST_FILE = SwiftBaseLibProjectTests/Info.plist;
				LD_RUNPATH_SEARCH_PATHS = (
					"$(inherited)",
					"@executable_path/Frameworks",
					"@loader_path/Frameworks",
				);
				PRODUCT_BUNDLE_IDENTIFIER = www.SwiftBaseLibProjectTests;
				PRODUCT_NAME = "$(TARGET_NAME)";
				SWIFT_VERSION = 4.0;
				TARGETED_DEVICE_FAMILY = "1,2";
				TEST_HOST = "$(BUILT_PRODUCTS_DIR)/SwiftBaseLibProject.app/SwiftBaseLibProject";
			};
			name = Debug;
		};
		692E40BD2140D13B00F916F2 /* Release */ = {
			isa = XCBuildConfiguration;
			buildSettings = {
				ALWAYS_EMBED_SWIFT_STANDARD_LIBRARIES = YES;
				BUNDLE_LOADER = "$(TEST_HOST)";
				CODE_SIGN_STYLE = Automatic;
				INFOPLIST_FILE = SwiftBaseLibProjectTests/Info.plist;
				LD_RUNPATH_SEARCH_PATHS = (
					"$(inherited)",
					"@executable_path/Frameworks",
					"@loader_path/Frameworks",
				);
				PRODUCT_BUNDLE_IDENTIFIER = www.SwiftBaseLibProjectTests;
				PRODUCT_NAME = "$(TARGET_NAME)";
				SWIFT_VERSION = 4.0;
				TARGETED_DEVICE_FAMILY = "1,2";
				TEST_HOST = "$(BUILT_PRODUCTS_DIR)/SwiftBaseLibProject.app/SwiftBaseLibProject";
			};
			name = Release;
		};
		692E40BF2140D13B00F916F2 /* Debug */ = {
			isa = XCBuildConfiguration;
			buildSettings = {
				ALWAYS_EMBED_SWIFT_STANDARD_LIBRARIES = YES;
				CODE_SIGN_STYLE = Automatic;
				INFOPLIST_FILE = SwiftBaseLibProjectUITests/Info.plist;
				LD_RUNPATH_SEARCH_PATHS = (
					"$(inherited)",
					"@executable_path/Frameworks",
					"@loader_path/Frameworks",
				);
				PRODUCT_BUNDLE_IDENTIFIER = www.SwiftBaseLibProjectUITests;
				PRODUCT_NAME = "$(TARGET_NAME)";
				SWIFT_VERSION = 4.0;
				TARGETED_DEVICE_FAMILY = "1,2";
				TEST_TARGET_NAME = SwiftBaseLibProject;
			};
			name = Debug;
		};
		692E40C02140D13B00F916F2 /* Release */ = {
			isa = XCBuildConfiguration;
			buildSettings = {
				ALWAYS_EMBED_SWIFT_STANDARD_LIBRARIES = YES;
				CODE_SIGN_STYLE = Automatic;
				INFOPLIST_FILE = SwiftBaseLibProjectUITests/Info.plist;
				LD_RUNPATH_SEARCH_PATHS = (
					"$(inherited)",
					"@executable_path/Frameworks",
					"@loader_path/Frameworks",
				);
				PRODUCT_BUNDLE_IDENTIFIER = www.SwiftBaseLibProjectUITests;
				PRODUCT_NAME = "$(TARGET_NAME)";
				SWIFT_VERSION = 4.0;
				TARGETED_DEVICE_FAMILY = "1,2";
				TEST_TARGET_NAME = SwiftBaseLibProject;
			};
			name = Release;
		};
/* End XCBuildConfiguration section */

/* Begin XCConfigurationList section */
		692E408B2140D13900F916F2 /* Build configuration list for PBXProject "SwiftBaseLibProject" */ = {
			isa = XCConfigurationList;
			buildConfigurations = (
				692E40B62140D13B00F916F2 /* Debug */,
				692E40B72140D13B00F916F2 /* Release */,
			);
			defaultConfigurationIsVisible = 0;
			defaultConfigurationName = Release;
		};
		692E40B82140D13B00F916F2 /* Build configuration list for PBXNativeTarget "SwiftBaseLibProject" */ = {
			isa = XCConfigurationList;
			buildConfigurations = (
				692E40B92140D13B00F916F2 /* Debug */,
				692E40BA2140D13B00F916F2 /* Release */,
			);
			defaultConfigurationIsVisible = 0;
			defaultConfigurationName = Release;
		};
		692E40BB2140D13B00F916F2 /* Build configuration list for PBXNativeTarget "SwiftBaseLibProjectTests" */ = {
			isa = XCConfigurationList;
			buildConfigurations = (
				692E40BC2140D13B00F916F2 /* Debug */,
				692E40BD2140D13B00F916F2 /* Release */,
			);
			defaultConfigurationIsVisible = 0;
			defaultConfigurationName = Release;
		};
		692E40BE2140D13B00F916F2 /* Build configuration list for PBXNativeTarget "SwiftBaseLibProjectUITests" */ = {
			isa = XCConfigurationList;
			buildConfigurations = (
				692E40BF2140D13B00F916F2 /* Debug */,
				692E40C02140D13B00F916F2 /* Release */,
			);
			defaultConfigurationIsVisible = 0;
			defaultConfigurationName = Release;
		};
/* End XCConfigurationList section */
	};
	rootObject = 692E40882140D13900F916F2 /* Project object */;
}
